# This file is generated by running "yarn install" inside your project.
# Manual changes might be lost - proceed with caution!

__metadata:
  version: 6
  cacheKey: 8

"@ethersproject/abi@npm:5.0.9, @ethersproject/abi@npm:^5.0.5":
  version: 5.0.9
  resolution: "@ethersproject/abi@npm:5.0.9"
  dependencies:
    "@ethersproject/address": ^5.0.4
    "@ethersproject/bignumber": ^5.0.7
    "@ethersproject/bytes": ^5.0.4
    "@ethersproject/constants": ^5.0.4
    "@ethersproject/hash": ^5.0.4
    "@ethersproject/keccak256": ^5.0.3
    "@ethersproject/logger": ^5.0.5
    "@ethersproject/properties": ^5.0.3
    "@ethersproject/strings": ^5.0.4
  checksum: c775f58d9af1fe9cd9007a3ac4c41f72c11bb0ca351e7ca0c64ca5f1e7bc14d2cf8b1c7f8c4bd1c96f96d8976e607c51f92cf76db0cc47facde264fed3c1b8c3
  languageName: node
  linkType: hard

"@ethersproject/abstract-provider@npm:5.0.7, @ethersproject/abstract-provider@npm:^5.0.4":
  version: 5.0.7
  resolution: "@ethersproject/abstract-provider@npm:5.0.7"
  dependencies:
    "@ethersproject/bignumber": ^5.0.7
    "@ethersproject/bytes": ^5.0.4
    "@ethersproject/logger": ^5.0.5
    "@ethersproject/networks": ^5.0.3
    "@ethersproject/properties": ^5.0.3
    "@ethersproject/transactions": ^5.0.5
    "@ethersproject/web": ^5.0.6
  checksum: 972d25a8c7c414354d1c4283622c9b399a20dde06e8c9c608c3e63ab329a56b4ae1ea61c2e93d36464abdf6153b65e4950247234b48751759022323b2cbd2bb8
  languageName: node
  linkType: hard

"@ethersproject/abstract-signer@npm:5.0.9, @ethersproject/abstract-signer@npm:^5.0.4, @ethersproject/abstract-signer@npm:^5.0.6":
  version: 5.0.9
  resolution: "@ethersproject/abstract-signer@npm:5.0.9"
  dependencies:
    "@ethersproject/abstract-provider": ^5.0.4
    "@ethersproject/bignumber": ^5.0.7
    "@ethersproject/bytes": ^5.0.4
    "@ethersproject/logger": ^5.0.5
    "@ethersproject/properties": ^5.0.3
  checksum: f46abab90a48cbae528da2a5b37c6121412dfb88824aa281acc85919e8639fb2833960bf87768f42954344f1c791be4ecc77f28b8e1509507a1bb12b18510df6
  languageName: node
  linkType: hard

"@ethersproject/address@npm:5.0.8, @ethersproject/address@npm:^5.0.4, @ethersproject/address@npm:^5.0.5":
  version: 5.0.8
  resolution: "@ethersproject/address@npm:5.0.8"
  dependencies:
    "@ethersproject/bignumber": ^5.0.10
    "@ethersproject/bytes": ^5.0.4
    "@ethersproject/keccak256": ^5.0.3
    "@ethersproject/logger": ^5.0.5
    "@ethersproject/rlp": ^5.0.3
  checksum: 5dfd4bdd7dd61688a4acb17c1534a9ecf332e740670a76cec52578658bfb45090949cb6d35ff3cd613cd85070128d528c9af33f89aed55b2873501f86fb903aa
  languageName: node
  linkType: hard

"@ethersproject/base64@npm:5.0.6, @ethersproject/base64@npm:^5.0.3":
  version: 5.0.6
  resolution: "@ethersproject/base64@npm:5.0.6"
  dependencies:
    "@ethersproject/bytes": ^5.0.4
  checksum: fb55b4a9e66768fe7ae1fd2ded790ff781f5fc9c79d96522cc523a5c820b0b0096a24c073aaf991995e5e0e9baac9be28a946b5911f94404d797e97897569cde
  languageName: node
  linkType: hard

"@ethersproject/basex@npm:5.0.6, @ethersproject/basex@npm:^5.0.3":
  version: 5.0.6
  resolution: "@ethersproject/basex@npm:5.0.6"
  dependencies:
    "@ethersproject/bytes": ^5.0.4
    "@ethersproject/properties": ^5.0.3
  checksum: c59111f6088e46e4412c4d840cb3884a684fd07590dccb632214c8f5f35678913a3aa362db7ea6317cb60f41ef9af37b2b0eec1ac39c869def60bbe1c017e967
  languageName: node
  linkType: hard

"@ethersproject/bignumber@npm:5.0.12, @ethersproject/bignumber@npm:^5.0.10, @ethersproject/bignumber@npm:^5.0.7, @ethersproject/bignumber@npm:^5.0.8":
  version: 5.0.12
  resolution: "@ethersproject/bignumber@npm:5.0.12"
  dependencies:
    "@ethersproject/bytes": ^5.0.8
    "@ethersproject/logger": ^5.0.5
    bn.js: ^4.4.0
  checksum: 570eec9b3191f73a58661806db9e425c73591cdb9f04c3544a0a038030c6824876b9429c2f3fa2c367d81b6cf0e93ffc95bca00642c31228bcbf618ab52bfe7b
  languageName: node
  linkType: hard

"@ethersproject/bytes@npm:5.0.8, @ethersproject/bytes@npm:^5.0.4, @ethersproject/bytes@npm:^5.0.8":
  version: 5.0.8
  resolution: "@ethersproject/bytes@npm:5.0.8"
  dependencies:
    "@ethersproject/logger": ^5.0.5
  checksum: 74618ca586dd81012e61ea6bd0eeb67d356ff33e2b67b821b8f0163b5544c74c0112357a441d479f97844a30d99ab7a075ba563fe0bf962b00efc3d53d9120d9
  languageName: node
  linkType: hard

"@ethersproject/constants@npm:5.0.7, @ethersproject/constants@npm:^5.0.4":
  version: 5.0.7
  resolution: "@ethersproject/constants@npm:5.0.7"
  dependencies:
    "@ethersproject/bignumber": ^5.0.7
  checksum: e615826c8712baad0232ed89cb1fedfe96d23f5b6d4b76eb6450f1a0513bf7291dd88ba52f8e4c155db08130377155abd559948e836f2bb5830515d9ad1132a0
  languageName: node
  linkType: hard

"@ethersproject/contracts@npm:5.0.8":
  version: 5.0.8
  resolution: "@ethersproject/contracts@npm:5.0.8"
  dependencies:
    "@ethersproject/abi": ^5.0.5
    "@ethersproject/abstract-provider": ^5.0.4
    "@ethersproject/abstract-signer": ^5.0.4
    "@ethersproject/address": ^5.0.4
    "@ethersproject/bignumber": ^5.0.7
    "@ethersproject/bytes": ^5.0.4
    "@ethersproject/constants": ^5.0.4
    "@ethersproject/logger": ^5.0.5
    "@ethersproject/properties": ^5.0.3
  checksum: 797380193eada4cdafc7a36856ba74c90ca12e1c50fead4b5d835520356c491e2a89050bcdc18d3276ff0ba1bf974c61721bbf5c7f742e13f4bff113cfe5f3b7
  languageName: node
  linkType: hard

"@ethersproject/hash@npm:5.0.8, @ethersproject/hash@npm:^5.0.4":
  version: 5.0.8
  resolution: "@ethersproject/hash@npm:5.0.8"
  dependencies:
    "@ethersproject/abstract-signer": ^5.0.6
    "@ethersproject/address": ^5.0.5
    "@ethersproject/bignumber": ^5.0.8
    "@ethersproject/bytes": ^5.0.4
    "@ethersproject/keccak256": ^5.0.3
    "@ethersproject/logger": ^5.0.5
    "@ethersproject/properties": ^5.0.4
    "@ethersproject/strings": ^5.0.4
  checksum: 5b19c419ea1390692738484e12e8b1e132a0fb14ad9149e2b4622438d40c3e8827349cdc1f8f87eb3107339a88eafc120a692421bfa4d1c23d9a8fe888f1e8e3
  languageName: node
  linkType: hard

"@ethersproject/hdnode@npm:5.0.7, @ethersproject/hdnode@npm:^5.0.4":
  version: 5.0.7
  resolution: "@ethersproject/hdnode@npm:5.0.7"
  dependencies:
    "@ethersproject/abstract-signer": ^5.0.4
    "@ethersproject/basex": ^5.0.3
    "@ethersproject/bignumber": ^5.0.7
    "@ethersproject/bytes": ^5.0.4
    "@ethersproject/logger": ^5.0.5
    "@ethersproject/pbkdf2": ^5.0.3
    "@ethersproject/properties": ^5.0.3
    "@ethersproject/sha2": ^5.0.3
    "@ethersproject/signing-key": ^5.0.4
    "@ethersproject/strings": ^5.0.4
    "@ethersproject/transactions": ^5.0.5
    "@ethersproject/wordlists": ^5.0.4
  checksum: b2579d9c41d13f2cd178de8646fda7a19c8cd800f80be256a0e01936cb02578603440ff7697861dc9ffec02617e8b5f62b5e9b606c88dc559976d895a2965506
  languageName: node
  linkType: hard

"@ethersproject/json-wallets@npm:5.0.9, @ethersproject/json-wallets@npm:^5.0.6":
  version: 5.0.9
  resolution: "@ethersproject/json-wallets@npm:5.0.9"
  dependencies:
    "@ethersproject/abstract-signer": ^5.0.4
    "@ethersproject/address": ^5.0.4
    "@ethersproject/bytes": ^5.0.4
    "@ethersproject/hdnode": ^5.0.4
    "@ethersproject/keccak256": ^5.0.3
    "@ethersproject/logger": ^5.0.5
    "@ethersproject/pbkdf2": ^5.0.3
    "@ethersproject/properties": ^5.0.3
    "@ethersproject/random": ^5.0.3
    "@ethersproject/strings": ^5.0.4
    "@ethersproject/transactions": ^5.0.5
    aes-js: 3.0.0
    scrypt-js: 3.0.1
  checksum: c628ec0b82638a1cd97d5231bec2de75bc80c74e6c005b15a5f44ae4b0aae910d1ab886746c7bc840ee541d1b9b3a2d00be43f33bea3efdecbe60cf785b18451
  languageName: node
  linkType: hard

"@ethersproject/keccak256@npm:5.0.6, @ethersproject/keccak256@npm:^5.0.3":
  version: 5.0.6
  resolution: "@ethersproject/keccak256@npm:5.0.6"
  dependencies:
    "@ethersproject/bytes": ^5.0.4
    js-sha3: 0.5.7
  checksum: 1f62a84625aaa02a5ce3531cf8106e51c5f9733dae8ea5b08c83c1dbb8cfb0ef2ecb0cb07c755b2dd6888f80371f107135d7eb9e7ecd820228f00950f01cf080
  languageName: node
  linkType: hard

"@ethersproject/logger@npm:5.0.8, @ethersproject/logger@npm:^5.0.5":
  version: 5.0.8
  resolution: "@ethersproject/logger@npm:5.0.8"
  checksum: d348d52aa3d6d15f90e86d0033d85843a47344e3dac515d79fa90fa4514a5619c56ac2b286298c0196d2c6fd83eca600e0bc33db317a69a53983ee207df6ffa0
  languageName: node
  linkType: hard

"@ethersproject/networks@npm:5.0.6, @ethersproject/networks@npm:^5.0.3":
  version: 5.0.6
  resolution: "@ethersproject/networks@npm:5.0.6"
  dependencies:
    "@ethersproject/logger": ^5.0.5
  checksum: 04488400c117e1c2333fb902769dc4c2613f85547e71e95f4e06dab3a86d21473eeb557ad2053aaefe93fc85a924de1424a33b7db2fad98f7873b8993d58e43e
  languageName: node
  linkType: hard

"@ethersproject/pbkdf2@npm:5.0.6, @ethersproject/pbkdf2@npm:^5.0.3":
  version: 5.0.6
  resolution: "@ethersproject/pbkdf2@npm:5.0.6"
  dependencies:
    "@ethersproject/bytes": ^5.0.4
    "@ethersproject/sha2": ^5.0.3
  checksum: 4b4a5ca91866ddd461033652d3989cbca8d4d64992abe17c12f1e2dbbd46084b0400e2173b7246b8f8ece5ee3201fa96fd13671467f8fdb5990ac29af4ecede7
  languageName: node
  linkType: hard

"@ethersproject/properties@npm:5.0.6, @ethersproject/properties@npm:^5.0.3, @ethersproject/properties@npm:^5.0.4":
  version: 5.0.6
  resolution: "@ethersproject/properties@npm:5.0.6"
  dependencies:
    "@ethersproject/logger": ^5.0.5
  checksum: 050d1b17ef73a7d35b56758c7396bc419e1ffb90113aacd8b1100882e30da185ea755c84381b411ffb7fc324840c0062d358731ba21727ce0a8a1be51fad172d
  languageName: node
  linkType: hard

"@ethersproject/providers@npm:5.0.17":
  version: 5.0.17
  resolution: "@ethersproject/providers@npm:5.0.17"
  dependencies:
    "@ethersproject/abstract-provider": ^5.0.4
    "@ethersproject/abstract-signer": ^5.0.4
    "@ethersproject/address": ^5.0.4
    "@ethersproject/basex": ^5.0.3
    "@ethersproject/bignumber": ^5.0.7
    "@ethersproject/bytes": ^5.0.4
    "@ethersproject/constants": ^5.0.4
    "@ethersproject/hash": ^5.0.4
    "@ethersproject/logger": ^5.0.5
    "@ethersproject/networks": ^5.0.3
    "@ethersproject/properties": ^5.0.3
    "@ethersproject/random": ^5.0.3
    "@ethersproject/rlp": ^5.0.3
    "@ethersproject/sha2": ^5.0.3
    "@ethersproject/strings": ^5.0.4
    "@ethersproject/transactions": ^5.0.5
    "@ethersproject/web": ^5.0.6
    bech32: 1.1.4
    ws: 7.2.3
  checksum: 9c4e41e91981ad9b6ec705e9cd18006b53d072a745dce530288bc18476f0f0c268e4998aa420f34e79a1ed94ff7a000bcf00b6a145f9b7b0e8d198f87edd4ea5
  languageName: node
  linkType: hard

"@ethersproject/random@npm:5.0.6, @ethersproject/random@npm:^5.0.3":
  version: 5.0.6
  resolution: "@ethersproject/random@npm:5.0.6"
  dependencies:
    "@ethersproject/bytes": ^5.0.4
    "@ethersproject/logger": ^5.0.5
  checksum: 845e93b45d66d8a0bb44bad333e72129ecef1e127415145a811f9b57bed047b7ee80cef469ba629234d0244b479eaecea312f171b1cbc62e7d03dfe4a738c02d
  languageName: node
  linkType: hard

"@ethersproject/rlp@npm:5.0.6, @ethersproject/rlp@npm:^5.0.3":
  version: 5.0.6
  resolution: "@ethersproject/rlp@npm:5.0.6"
  dependencies:
    "@ethersproject/bytes": ^5.0.4
    "@ethersproject/logger": ^5.0.5
  checksum: cfd0469af15c780343d27a17e8cc5b373f13ae08e4b90371760c5b3b540ad0e00ed1341970b1ac00363f39e1eccd065d8ce36cd727ace341950667cb8d5cd365
  languageName: node
  linkType: hard

"@ethersproject/sha2@npm:5.0.6, @ethersproject/sha2@npm:^5.0.3":
  version: 5.0.6
  resolution: "@ethersproject/sha2@npm:5.0.6"
  dependencies:
    "@ethersproject/bytes": ^5.0.4
    "@ethersproject/logger": ^5.0.5
    hash.js: 1.1.3
  checksum: d9f5af4abe81d206a2b99addaa67d6077c5b0e1a7f67e8a10525948b80cb27fa86d5a0840e3215269bb2fa1bbeb9b7572bbf97aeb169fb887392ddf17645eb15
  languageName: node
  linkType: hard

"@ethersproject/signing-key@npm:5.0.7, @ethersproject/signing-key@npm:^5.0.4":
  version: 5.0.7
  resolution: "@ethersproject/signing-key@npm:5.0.7"
  dependencies:
    "@ethersproject/bytes": ^5.0.4
    "@ethersproject/logger": ^5.0.5
    "@ethersproject/properties": ^5.0.3
    elliptic: 6.5.3
  checksum: 6c8e348468d76d509500bb8581301e5b59d4140cb3f3984e193d9f7e27da939c887d23520b83e354de0d996229fa06c5d979dae47faeeab6e2b1c93942774f73
  languageName: node
  linkType: hard

"@ethersproject/solidity@npm:5.0.7":
  version: 5.0.7
  resolution: "@ethersproject/solidity@npm:5.0.7"
  dependencies:
    "@ethersproject/bignumber": ^5.0.7
    "@ethersproject/bytes": ^5.0.4
    "@ethersproject/keccak256": ^5.0.3
    "@ethersproject/sha2": ^5.0.3
    "@ethersproject/strings": ^5.0.4
  checksum: 68797cd042d6349a71a2c580734fd3f88837749a1407d5d9a70b9d0fbb2e121f1a8995eb92b67ff8d3985364e7feae59a974997161ac94e59cb16f317ae81133
  languageName: node
  linkType: hard

"@ethersproject/strings@npm:5.0.7, @ethersproject/strings@npm:^5.0.4":
  version: 5.0.7
  resolution: "@ethersproject/strings@npm:5.0.7"
  dependencies:
    "@ethersproject/bytes": ^5.0.4
    "@ethersproject/constants": ^5.0.4
    "@ethersproject/logger": ^5.0.5
  checksum: a7018acaacf9ac2fb72148ecba8aa763be25a33d03e00f69dbe29e18dcc64adf844970969278f7f054f8ffc95a62762c9987816d2ed19b91de00b908ec35bac9
  languageName: node
  linkType: hard

"@ethersproject/transactions@npm:5.0.8, @ethersproject/transactions@npm:^5.0.5":
  version: 5.0.8
  resolution: "@ethersproject/transactions@npm:5.0.8"
  dependencies:
    "@ethersproject/address": ^5.0.4
    "@ethersproject/bignumber": ^5.0.7
    "@ethersproject/bytes": ^5.0.4
    "@ethersproject/constants": ^5.0.4
    "@ethersproject/keccak256": ^5.0.3
    "@ethersproject/logger": ^5.0.5
    "@ethersproject/properties": ^5.0.3
    "@ethersproject/rlp": ^5.0.3
    "@ethersproject/signing-key": ^5.0.4
  checksum: 31566542d1a2366a62e8420e98ab54fb4e1ecbc7a33861b9d065386efca3aadbfecad60081356298188fbaad3e81d15b91bd4ebc24c0b437c27403527c32ea14
  languageName: node
  linkType: hard

"@ethersproject/units@npm:5.0.8":
  version: 5.0.8
  resolution: "@ethersproject/units@npm:5.0.8"
  dependencies:
    "@ethersproject/bignumber": ^5.0.7
    "@ethersproject/constants": ^5.0.4
    "@ethersproject/logger": ^5.0.5
  checksum: dc2ead928dbf8fbdf7162949c58f31fcd115c82824133e00e0eaa50fe0f069525c5f96d0c8aadfe053609e2f9bd10580b99844a41a7cd81e887de8c1b0cdde5d
  languageName: node
  linkType: hard

"@ethersproject/wallet@npm:5.0.9":
  version: 5.0.9
  resolution: "@ethersproject/wallet@npm:5.0.9"
  dependencies:
    "@ethersproject/abstract-provider": ^5.0.4
    "@ethersproject/abstract-signer": ^5.0.4
    "@ethersproject/address": ^5.0.4
    "@ethersproject/bignumber": ^5.0.7
    "@ethersproject/bytes": ^5.0.4
    "@ethersproject/hash": ^5.0.4
    "@ethersproject/hdnode": ^5.0.4
    "@ethersproject/json-wallets": ^5.0.6
    "@ethersproject/keccak256": ^5.0.3
    "@ethersproject/logger": ^5.0.5
    "@ethersproject/properties": ^5.0.3
    "@ethersproject/random": ^5.0.3
    "@ethersproject/signing-key": ^5.0.4
    "@ethersproject/transactions": ^5.0.5
    "@ethersproject/wordlists": ^5.0.4
  checksum: fe81850eff19d67e6c887b578c3f277eaa1df9f3d721b63f7f84d25ffe2d002b34c72e1520ef24c747d325f0c0ab7e31c9495a51351ab199470030953f6d5cbf
  languageName: node
  linkType: hard

"@ethersproject/web@npm:5.0.11, @ethersproject/web@npm:^5.0.6":
  version: 5.0.11
  resolution: "@ethersproject/web@npm:5.0.11"
  dependencies:
    "@ethersproject/base64": ^5.0.3
    "@ethersproject/bytes": ^5.0.4
    "@ethersproject/logger": ^5.0.5
    "@ethersproject/properties": ^5.0.3
    "@ethersproject/strings": ^5.0.4
  checksum: 8da18baf3bd884a4be6a66e0b1bd334f75ea9b4643a7ad87fad1cfd85f10d8d6eb09d21870a60d3b33979b311704e0547351b23945fb8657c5cbac84d4881120
  languageName: node
  linkType: hard

"@ethersproject/wordlists@npm:5.0.7, @ethersproject/wordlists@npm:^5.0.4":
  version: 5.0.7
  resolution: "@ethersproject/wordlists@npm:5.0.7"
  dependencies:
    "@ethersproject/bytes": ^5.0.4
    "@ethersproject/hash": ^5.0.4
    "@ethersproject/logger": ^5.0.5
    "@ethersproject/properties": ^5.0.3
    "@ethersproject/strings": ^5.0.4
  checksum: 54e86edade0294b869f2ed15c102fbba296ed6855d8c38635dad084ad5a28562eb8e11a67932f0a4155d7892be71eaae3e107bbcdeb8beedebb40cbc665c4ce5
  languageName: node
  linkType: hard

"@parys-tools/parys-ethereum-connector@workspace:.":
  version: 0.0.0-use.local
  resolution: "@parys-tools/parys-ethereum-connector@workspace:."
  dependencies:
    "@types/node": ^14.14.10
    ethers: ^5.0.23
    typescript: ^4.1.2
  peerDependencies:
    ethers: ^5
  languageName: unknown
  linkType: soft

"@types/node@npm:^14.14.10":
  version: 14.14.10
  resolution: "@types/node@npm:14.14.10"
  checksum: c031a59db0b5b7a8ed566dfd6379eb5b93838b566a2e0c3738072ac4b27b0667dde9ac673c2c14e18cb5b8602456b784342409886d00c08b3b17d93cefd36643
  languageName: node
  linkType: hard

"aes-js@npm:3.0.0":
  version: 3.0.0
  resolution: "aes-js@npm:3.0.0"
  checksum: 251e26d533cd1a915b44896b17d5ed68c24a02484cfdd2e74ec700a309267db96651ea4eb657bf20aac32a3baa61f6e34edf8e2fec2de440a655da9942d334b8
  languageName: node
  linkType: hard

"bech32@npm:1.1.4":
  version: 1.1.4
  resolution: "bech32@npm:1.1.4"
  checksum: 0e98db619191548390d6f09ff68b0253ba7ae6a55db93dfdbb070ba234c1fd3308c0606fbcc95fad50437227b10011e2698b89f0181f6e7f845c499bd14d0f4b
  languageName: node
  linkType: hard

"bn.js@npm:^4.4.0":
  version: 4.11.9
  resolution: "bn.js@npm:4.11.9"
  checksum: 59b67623585ca568f81bc0a00b215cd09ab75cbf632c73fcbe6a19c207ea7a510684e61becad6cdfcc678f716792f49de5a70fc057465e4e5e79f13d81291171
  languageName: node
  linkType: hard

"brorand@npm:^1.0.1":
  version: 1.1.0
  resolution: "brorand@npm:1.1.0"
  checksum: 8a05c9f3c4b46572dec6ef71012b1946db6cae8c7bb60ccd4b7dd5a84655db49fe043ecc6272e7ef1f69dc53d6730b9e2a3a03a8310509a3d797a618cbee52be
  languageName: node
  linkType: hard

"elliptic@npm:6.5.3":
  version: 6.5.3
  resolution: "elliptic@npm:6.5.3"
  dependencies:
    bn.js: ^4.4.0
    brorand: ^1.0.1
    hash.js: ^1.0.0
    hmac-drbg: ^1.0.0
    inherits: ^2.0.1
    minimalistic-assert: ^1.0.0
    minimalistic-crypto-utils: ^1.0.0
  checksum: fe1e546ed35ff69622130eb56abd3df8b4e9f009922ec2f1a4437d9c752a026d570a9863751912076effa1060f559bee8d816d6e89835fe8111834694e812165
  languageName: node
  linkType: hard

"ethers@npm:^5.0.23":
  version: 5.0.23
  resolution: "ethers@npm:5.0.23"
  dependencies:
    "@ethersproject/abi": 5.0.9
    "@ethersproject/abstract-provider": 5.0.7
    "@ethersproject/abstract-signer": 5.0.9
    "@ethersproject/address": 5.0.8
    "@ethersproject/base64": 5.0.6
    "@ethersproject/basex": 5.0.6
    "@ethersproject/bignumber": 5.0.12
    "@ethersproject/bytes": 5.0.8
    "@ethersproject/constants": 5.0.7
    "@ethersproject/contracts": 5.0.8
    "@ethersproject/hash": 5.0.8
    "@ethersproject/hdnode": 5.0.7
    "@ethersproject/json-wallets": 5.0.9
    "@ethersproject/keccak256": 5.0.6
    "@ethersproject/logger": 5.0.8
    "@ethersproject/networks": 5.0.6
    "@ethersproject/pbkdf2": 5.0.6
    "@ethersproject/properties": 5.0.6
    "@ethersproject/providers": 5.0.17
    "@ethersproject/random": 5.0.6
    "@ethersproject/rlp": 5.0.6
    "@ethersproject/sha2": 5.0.6
    "@ethersproject/signing-key": 5.0.7
    "@ethersproject/solidity": 5.0.7
    "@ethersproject/strings": 5.0.7
    "@ethersproject/transactions": 5.0.8
    "@ethersproject/units": 5.0.8
    "@ethersproject/wallet": 5.0.9
    "@ethersproject/web": 5.0.11
    "@ethersproject/wordlists": 5.0.7
  checksum: a10aa30f56beb7f86411c267ba6824237ded3df25f6dec4727fcbca9d2ba2972454b09a063ea9f59f6278efca9f5e2864d43ac70cc0ff44ca114900f7bb9ee46
  languageName: node
  linkType: hard

"hash.js@npm:1.1.3":
  version: 1.1.3
  resolution: "hash.js@npm:1.1.3"
  dependencies:
    inherits: ^2.0.3
    minimalistic-assert: ^1.0.0
  checksum: 93de6f178bf71feee38f66868a57ecb5602d937c1ccd69951b0bfec1488813b6afdbb4a81ddb2c62488c419b4a35af352298b006f14c9cfbf5b872c4191b657f
  languageName: node
  linkType: hard

"hash.js@npm:^1.0.0, hash.js@npm:^1.0.3":
  version: 1.1.7
  resolution: "hash.js@npm:1.1.7"
  dependencies:
    inherits: ^2.0.3
    minimalistic-assert: ^1.0.1
  checksum: e350096e659c62422b85fa508e4b3669017311aa4c49b74f19f8e1bc7f3a54a584fdfd45326d4964d6011f2b2d882e38bea775a96046f2a61b7779a979629d8f
  languageName: node
  linkType: hard

"hmac-drbg@npm:^1.0.0":
  version: 1.0.1
  resolution: "hmac-drbg@npm:1.0.1"
  dependencies:
    hash.js: ^1.0.3
    minimalistic-assert: ^1.0.0
    minimalistic-crypto-utils: ^1.0.1
  checksum: bd30b6a68d7f22d63f10e1888aee497d7c2c5c0bb469e66bbdac99f143904d1dfe95f8131f95b3e86c86dd239963c9d972fcbe147e7cffa00e55d18585c43fe0
  languageName: node
  linkType: hard

"inherits@npm:^2.0.1, inherits@npm:^2.0.3":
  version: 2.0.4
  resolution: "inherits@npm:2.0.4"
  checksum: 4a48a733847879d6cf6691860a6b1e3f0f4754176e4d71494c41f3475553768b10f84b5ce1d40fbd0e34e6bfbb864ee35858ad4dd2cf31e02fc4a154b724d7f1
  languageName: node
  linkType: hard

"js-sha3@npm:0.5.7":
  version: 0.5.7
  resolution: "js-sha3@npm:0.5.7"
  checksum: 973a28ea4b26cc7f12d2ab24f796e24ee4a71eef45a6634a052f6eb38cf8b2333db798e896e6e094ea6fa4dfe8e42a2a7942b425cf40da3f866623fd05bb91ea
  languageName: node
  linkType: hard

"minimalistic-assert@npm:^1.0.0, minimalistic-assert@npm:^1.0.1":
  version: 1.0.1
  resolution: "minimalistic-assert@npm:1.0.1"
  checksum: cc7974a9268fbf130fb055aff76700d7e2d8be5f761fb5c60318d0ed010d839ab3661a533ad29a5d37653133385204c503bfac995aaa4236f4e847461ea32ba7
  languageName: node
  linkType: hard

"minimalistic-crypto-utils@npm:^1.0.0, minimalistic-crypto-utils@npm:^1.0.1":
  version: 1.0.1
  resolution: "minimalistic-crypto-utils@npm:1.0.1"
  checksum: 6e8a0422b30039406efd4c440829ea8f988845db02a3299f372fceba56ffa94994a9c0f2fd70c17f9969eedfbd72f34b5070ead9656a34d3f71c0bd72583a0ed
  languageName: node
  linkType: hard

"scrypt-js@npm:3.0.1":
  version: 3.0.1
  resolution: "scrypt-js@npm:3.0.1"
  checksum: b7c7d1a68d6ca946f2fbb0778e0c4ec63c65501b54023b2af7d7e9f48fdb6c6580d6f7675cd53bda5944c5ebc057560d5a6365079752546865defb3b79dea454
  languageName: node
  linkType: hard

"typescript@npm:^4.1.2":
  version: 4.1.2
  resolution: "typescript@npm:4.1.2"
  bin:
    tsc: bin/tsc
    tsserver: bin/tsserver
  checksum: a0bd309f001592b400a9e7ee3a6efe557cdd1a6bc84ebbfdaa179f994185e5276a1ea30e248d7139df08eee8ad2aa30b6108c27a9dd3b524a5e1c5669e25399e
  languageName: node
  linkType: hard

"typescript@patch:typescript@^4.1.2#~builtin<compat/typescript>":
  version: 4.1.2
  resolution: "typescript@patch:typescript@npm%3A4.1.2#~builtin<compat/typescript>::version=4.1.2&hash=4a8eb8"
  bin:
    tsc: bin/tsc
    tsserver: bin/tsserver
  checksum: 1f1df4c7412c3e383001c30dd7301b395d8e42b6c35d3b7fb5b9833f528cd21831b5ed0ffb0729db28918436cd443228de079c573b367441e3be841b8dc4d85d
  languageName: node
  linkType: hard

"ws@npm:7.2.3":
  version: 7.2.3
  resolution: "ws@npm:7.2.3"
  peerDependencies:
    bufferutil: ^4.0.1
    utf-8-validate: ^5.0.2
  peerDependenciesMeta:
    bufferutil:
      optional: true
    utf-8-validate:
      optional: true
  checksum: 979c59a7060ea9a75f83bc09c2a9fefd982563edd5c1c8e09ccb776b9258d757d9e3a85de741b9121aee39c76d472137a3794d78e1ea8601c3d3e394a051a3ca
  languageName: node
  linkType: hard
